
Microsoft Visual Studio Solution File, Format Version 12.00
# Visual Studio Version 17
VisualStudioVersion = 17.5.33516.290
MinimumVisualStudioVersion = 10.0.40219.1
Project("{2150E333-8FDC-42A3-9474-1A3956D46DE8}") = "Customers", "Customers", "{89D63C2F-8E62-4585-9A95-9F1336E7C1C9}"
	ProjectSection(SolutionItems) = preProject
		Customers\.dockerignore = Customers\.dockerignore
		Customers\build-and-pub.sh = Customers\build-and-pub.sh
	EndProjectSection
EndProject
Project("{2150E333-8FDC-42A3-9474-1A3956D46DE8}") = "Artists", "Artists", "{BDDEE926-3342-45DB-A96E-35B01E73B9D5}"
	ProjectSection(SolutionItems) = preProject
		Artists\.dockerignore = Artists\.dockerignore
		Artists\build-and-pub.sh = Artists\build-and-pub.sh
	EndProjectSection
EndProject
Project("{9A19103F-16F7-4668-BE54-9A1E7A4F7556}") = "ITEC5905.Artists.Models", "Artists\ITEC5905.Artists.Models\ITEC5905.Artists.Models.csproj", "{8A0286BC-8BB9-41B9-B25D-3EA06D7ADB79}"
EndProject
Project("{9A19103F-16F7-4668-BE54-9A1E7A4F7556}") = "ITEC5905.Customers.Models", "Customers\ITEC5905.Customers.Models\ITEC5905.Customers.Models.csproj", "{FC2DB6FD-C6B0-4EC6-8E2B-10D7B4044BB7}"
EndProject
Project("{9A19103F-16F7-4668-BE54-9A1E7A4F7556}") = "ITEC5905.Artists.OData", "Artists\ITEC5905.Artists.OData\ITEC5905.Artists.OData.csproj", "{A73688AD-8ED5-4271-9487-E7AED4C8DB32}"
EndProject
Project("{2150E333-8FDC-42A3-9474-1A3956D46DE8}") = "Solution Items", "Solution Items", "{61E406BB-6BB7-4147-AD85-E749280E0F4D}"
	ProjectSection(SolutionItems) = preProject
		.editorconfig = .editorconfig
	EndProjectSection
EndProject
Project("{9A19103F-16F7-4668-BE54-9A1E7A4F7556}") = "ITEC5905.Artists.WebApi", "Artists\ITEC5905.Artists.WebApi\ITEC5905.Artists.WebApi.csproj", "{6C7DC8A9-CE73-46C1-B74E-7C40FF583FB9}"
EndProject
Project("{9A19103F-16F7-4668-BE54-9A1E7A4F7556}") = "ITEC5905.Customers.OData", "Customers\ITEC5905.Customers.OData\ITEC5905.Customers.OData.csproj", "{8E60ED6C-8287-4016-B43B-1901775D57C4}"
EndProject
Project("{9A19103F-16F7-4668-BE54-9A1E7A4F7556}") = "ITEC5905.Customers.WebApi", "Customers\ITEC5905.Customers.WebApi\ITEC5905.Customers.WebApi.csproj", "{CAB41704-8F80-45EC-9850-EA03AB03859D}"
EndProject
Project("{9A19103F-16F7-4668-BE54-9A1E7A4F7556}") = "ITEC5905.Customers.Migrations", "Customers\ITEC5905.Customers.Migrations\ITEC5905.Customers.Migrations.csproj", "{527834F1-7358-4F70-8BB9-6F5A3F5AC304}"
EndProject
Project("{9A19103F-16F7-4668-BE54-9A1E7A4F7556}") = "ITEC5905.Artists.Migrations", "Artists\ITEC5905.Artists.Migrations\ITEC5905.Artists.Migrations.csproj", "{A710EDA0-A85B-475F-871D-78910FFB7BDE}"
EndProject
Project("{2150E333-8FDC-42A3-9474-1A3956D46DE8}") = "ITEC5905.Artists.Db", "ITEC5905.Artists.Db", "{BBD11110-9AB9-42C5-A57C-8F4453265F2B}"
	ProjectSection(SolutionItems) = preProject
		Artists\ITEC5905.Artists.Db\migration.sql = Artists\ITEC5905.Artists.Db\migration.sql
	EndProjectSection
EndProject
Project("{2150E333-8FDC-42A3-9474-1A3956D46DE8}") = "ITEC5905.Customers.Db", "ITEC5905.Customers.Db", "{7A0A8297-43F0-4309-B7FA-C1D1DC2755FC}"
EndProject
Global
	GlobalSection(SolutionConfigurationPlatforms) = preSolution
		Debug|Any CPU = Debug|Any CPU
		Release|Any CPU = Release|Any CPU
	EndGlobalSection
	GlobalSection(ProjectConfigurationPlatforms) = postSolution
		{8A0286BC-8BB9-41B9-B25D-3EA06D7ADB79}.Debug|Any CPU.ActiveCfg = Debug|Any CPU
		{8A0286BC-8BB9-41B9-B25D-3EA06D7ADB79}.Debug|Any CPU.Build.0 = Debug|Any CPU
		{8A0286BC-8BB9-41B9-B25D-3EA06D7ADB79}.Release|Any CPU.ActiveCfg = Release|Any CPU
		{8A0286BC-8BB9-41B9-B25D-3EA06D7ADB79}.Release|Any CPU.Build.0 = Release|Any CPU
		{FC2DB6FD-C6B0-4EC6-8E2B-10D7B4044BB7}.Debug|Any CPU.ActiveCfg = Debug|Any CPU
		{FC2DB6FD-C6B0-4EC6-8E2B-10D7B4044BB7}.Debug|Any CPU.Build.0 = Debug|Any CPU
		{FC2DB6FD-C6B0-4EC6-8E2B-10D7B4044BB7}.Release|Any CPU.ActiveCfg = Release|Any CPU
		{FC2DB6FD-C6B0-4EC6-8E2B-10D7B4044BB7}.Release|Any CPU.Build.0 = Release|Any CPU
		{A73688AD-8ED5-4271-9487-E7AED4C8DB32}.Debug|Any CPU.ActiveCfg = Debug|Any CPU
		{A73688AD-8ED5-4271-9487-E7AED4C8DB32}.Debug|Any CPU.Build.0 = Debug|Any CPU
		{A73688AD-8ED5-4271-9487-E7AED4C8DB32}.Release|Any CPU.ActiveCfg = Release|Any CPU
		{A73688AD-8ED5-4271-9487-E7AED4C8DB32}.Release|Any CPU.Build.0 = Release|Any CPU
		{6C7DC8A9-CE73-46C1-B74E-7C40FF583FB9}.Debug|Any CPU.ActiveCfg = Debug|Any CPU
		{6C7DC8A9-CE73-46C1-B74E-7C40FF583FB9}.Debug|Any CPU.Build.0 = Debug|Any CPU
		{6C7DC8A9-CE73-46C1-B74E-7C40FF583FB9}.Release|Any CPU.ActiveCfg = Release|Any CPU
		{6C7DC8A9-CE73-46C1-B74E-7C40FF583FB9}.Release|Any CPU.Build.0 = Release|Any CPU
		{8E60ED6C-8287-4016-B43B-1901775D57C4}.Debug|Any CPU.ActiveCfg = Debug|Any CPU
		{8E60ED6C-8287-4016-B43B-1901775D57C4}.Debug|Any CPU.Build.0 = Debug|Any CPU
		{8E60ED6C-8287-4016-B43B-1901775D57C4}.Release|Any CPU.ActiveCfg = Release|Any CPU
		{8E60ED6C-8287-4016-B43B-1901775D57C4}.Release|Any CPU.Build.0 = Release|Any CPU
		{CAB41704-8F80-45EC-9850-EA03AB03859D}.Debug|Any CPU.ActiveCfg = Debug|Any CPU
		{CAB41704-8F80-45EC-9850-EA03AB03859D}.Debug|Any CPU.Build.0 = Debug|Any CPU
		{CAB41704-8F80-45EC-9850-EA03AB03859D}.Release|Any CPU.ActiveCfg = Release|Any CPU
		{CAB41704-8F80-45EC-9850-EA03AB03859D}.Release|Any CPU.Build.0 = Release|Any CPU
		{527834F1-7358-4F70-8BB9-6F5A3F5AC304}.Debug|Any CPU.ActiveCfg = Debug|Any CPU
		{527834F1-7358-4F70-8BB9-6F5A3F5AC304}.Debug|Any CPU.Build.0 = Debug|Any CPU
		{527834F1-7358-4F70-8BB9-6F5A3F5AC304}.Release|Any CPU.ActiveCfg = Release|Any CPU
		{527834F1-7358-4F70-8BB9-6F5A3F5AC304}.Release|Any CPU.Build.0 = Release|Any CPU
		{A710EDA0-A85B-475F-871D-78910FFB7BDE}.Debug|Any CPU.ActiveCfg = Debug|Any CPU
		{A710EDA0-A85B-475F-871D-78910FFB7BDE}.Debug|Any CPU.Build.0 = Debug|Any CPU
		{A710EDA0-A85B-475F-871D-78910FFB7BDE}.Release|Any CPU.ActiveCfg = Release|Any CPU
		{A710EDA0-A85B-475F-871D-78910FFB7BDE}.Release|Any CPU.Build.0 = Release|Any CPU
	EndGlobalSection
	GlobalSection(SolutionProperties) = preSolution
		HideSolutionNode = FALSE
	EndGlobalSection
	GlobalSection(NestedProjects) = preSolution
		{8A0286BC-8BB9-41B9-B25D-3EA06D7ADB79} = {BDDEE926-3342-45DB-A96E-35B01E73B9D5}
		{FC2DB6FD-C6B0-4EC6-8E2B-10D7B4044BB7} = {89D63C2F-8E62-4585-9A95-9F1336E7C1C9}
		{A73688AD-8ED5-4271-9487-E7AED4C8DB32} = {BDDEE926-3342-45DB-A96E-35B01E73B9D5}
		{6C7DC8A9-CE73-46C1-B74E-7C40FF583FB9} = {BDDEE926-3342-45DB-A96E-35B01E73B9D5}
		{8E60ED6C-8287-4016-B43B-1901775D57C4} = {89D63C2F-8E62-4585-9A95-9F1336E7C1C9}
		{CAB41704-8F80-45EC-9850-EA03AB03859D} = {89D63C2F-8E62-4585-9A95-9F1336E7C1C9}
		{527834F1-7358-4F70-8BB9-6F5A3F5AC304} = {89D63C2F-8E62-4585-9A95-9F1336E7C1C9}
		{A710EDA0-A85B-475F-871D-78910FFB7BDE} = {BDDEE926-3342-45DB-A96E-35B01E73B9D5}
		{BBD11110-9AB9-42C5-A57C-8F4453265F2B} = {BDDEE926-3342-45DB-A96E-35B01E73B9D5}
		{7A0A8297-43F0-4309-B7FA-C1D1DC2755FC} = {89D63C2F-8E62-4585-9A95-9F1336E7C1C9}
	EndGlobalSection
	GlobalSection(ExtensibilityGlobals) = postSolution
		SolutionGuid = {43E10A55-94AF-41C6-B629-430EC047977D}
	EndGlobalSection
EndGlobal
